github.com/davecgh/go-spew v1.1.0 h1:ZDRjVQ15GmhC3fiQ8ni8+OwkZQO4DARzQgrnXU1Liz8=
github.com/davecgh/go-spew v1.1.0/go.mod h1:J7Y8YcW2NihsgmVo/mv3lAwl/skON4iLHjSsI+c5H38=
github.com/ftl/hamradio v0.0.0-20200721200456-334cc249f095 h1:2Wcq7hZy6OYMtaE5ykWVreA0rbwV4UX4v5WtJo4yJCg=
github.com/ftl/hamradio v0.0.0-20200721200456-334cc249f095/go.mod h1:Gyec2UUjJF0AG3bIoMnsEF/aP8FExb1BgqyY7IohODs=
github.com/ftl/localcopy v0.0.0-20190616142648-8915fb81f0d9/go.mod h1:4sZLCxjgn++exy5u0muVzlvnahfanPuiHLQo0GJQnPA=
github.com/ftl/rigproxy v0.0.0-20210129152621-d47864ba93b5 h1:OkwFnk+oYYvR5wS0GCz0qHPmduyOM5GEgH6eMCy81Nk=
github.com/ftl/rigproxy v0.0.0-20210129152621-d47864ba93b5/go.mod h1:o1dorJdOg75DZWauLQMQod4Ntwhniiux6fPd/eRRmrk=
github.com/gorilla/websocket v1.4.2 h1:+/TMaTYc4QFitKJxsQ7Yye35DkWvkdLcvGKqM+x0Ufc=
github.com/gorilla/websocket v1.4.2/go.mod h1:YR8l580nyteQvAITg2hZ9XVh4b55+EU/adAjf1fMHhE=
github.com/k0swe/wsjtx-go v1.1.1 h1:zXSA49nqIMbVQTvftQ5YnSF3j1yxQIi51vVbsQeqofs=
github.com/k0swe/wsjtx-go v1.1.1/go.mod h1:qkz3iGZSG75fpwqwwHnYeqdbjGeVvA0zMt9yE9QpKEc=
github.com/leemcloughlin/jdn v0.0.0-20201102080031-6f88db6a6bf2 h1:CdyD5OzAIzNFzpJ9WQRjJWj4pVRxZ9v15xdHnhvUPdw=
github.com/leemcloughlin/jdn v0.0.0-20201102080031-6f88db6a6bf2/go.mod h1:LAowglanJPLb6WYSx3D1Ht/XE54OGIr0i4mz9kdbXrs=
github.com/pkg/errors v0.9.1 h1:FEBLx1zS214owpjy7qsBeixbURkuhQAwrK5UwLGTwt4=
github.com/pkg/errors v0.9.1/go.mod h1:bwawxfHBFNV+L2hUp1rHADufV3IMtnDRdf1r5NINEl0=
github.com/pmezard/go-difflib v1.0.0 h1:4DBwDE0NGyQoBHbLQYPwSUPoCMWR5BEzIk/f1lZbAQM=
github.com/pmezard/go-difflib v1.0.0/go.mod h1:iKH77koFhYxTK1pcRnkKkqfTogsbg7gZNVY4sRDYZ/4=
github.com/spf13/pflag v1.0.5/go.mod h1:McXfInJRrz4CZXVZOBLb0bTZqETkiAhM9Iw0y3An2Bg=
github.com/stretchr/objx v0.1.0/go.mod h1:HFkY916IF+rwdDfMAkV7OtwuqBVzrE8GR6GFx+wExME=
github.com/stretchr/testify v1.6.1 h1:hDPOHmpOpP40lSULcqw7IrRb/u7w6RpDC9399XyoNd0=
github.com/stretchr/testify v1.6.1/go.mod h1:6Fq8oRcR53rry900zMqJjRRixrwX3KX962/h/Wwjteg=
gopkg.in/check.v1 v0.0.0-20161208181325-20d25e280405 h1:yhCVgyC4o1eVCa2tZl7eS0r+SDo693bJlVdllGtEeKM=
gopkg.in/check.v1 v0.0.0-20161208181325-20d25e280405/go.mod h1:Co6ibVJAznAaIkqp8huTwlJQCZ016jof/cbN4VW5Yz0=
gopkg.in/yaml.v3 v3.0.0-20200313102051-9f266ea9e77c h1:dUUwHk2QECo/6vqA44rthZ8ie2QXMNeKRTHCNY2nXvo=
gopkg.in/yaml.v3 v3.0.0-20200313102051-9f266ea9e77c/go.mod h1:K4uyk7z7BCEPqu6E+C64Yfv1cQ7kz7rIZviUmN+EgEM=
